// !$*UTF8*$!
{
	archiveVersion = 1;
	classes = {
	};
	objectVersion = 50;
	objects = {

/* Begin PBXBuildFile section */
		CE15BA9921F5EB0B00FD69F7 /* AppDelegate.swift in Sources */ = {isa = PBXBuildFile; fileRef = CE15BA9821F5EB0B00FD69F7 /* AppDelegate.swift */; };
		CE15BA9B21F5EB0B00FD69F7 /* MainViewController.swift in Sources */ = {isa = PBXBuildFile; fileRef = CE15BA9A21F5EB0B00FD69F7 /* MainViewController.swift */; };
		CE15BA9E21F5EB0B00FD69F7 /* Main.storyboard in Resources */ = {isa = PBXBuildFile; fileRef = CE15BA9C21F5EB0B00FD69F7 /* Main.storyboard */; };
		CE15BAA021F5EB0F00FD69F7 /* Assets.xcassets in Resources */ = {isa = PBXBuildFile; fileRef = CE15BA9F21F5EB0F00FD69F7 /* Assets.xcassets */; };
		CE15BAA321F5EB0F00FD69F7 /* LaunchScreen.storyboard in Resources */ = {isa = PBXBuildFile; fileRef = CE15BAA121F5EB0F00FD69F7 /* LaunchScreen.storyboard */; };
		CE15BAB321F5EEAF00FD69F7 /* MainHeaderView.xib in Resources */ = {isa = PBXBuildFile; fileRef = CE15BAB221F5EEAF00FD69F7 /* MainHeaderView.xib */; };
		CE15BAB521F5EFCA00FD69F7 /* MainHeaderView.swift in Sources */ = {isa = PBXBuildFile; fileRef = CE15BAB421F5EFCA00FD69F7 /* MainHeaderView.swift */; };
		CE15BABC21F5FC2D00FD69F7 /* MainCardTableViewCell.swift in Sources */ = {isa = PBXBuildFile; fileRef = CE15BABA21F5FC2D00FD69F7 /* MainCardTableViewCell.swift */; };
		CE15BABD21F5FC2D00FD69F7 /* MainCardTableViewCell.xib in Resources */ = {isa = PBXBuildFile; fileRef = CE15BABB21F5FC2D00FD69F7 /* MainCardTableViewCell.xib */; };
		CE15BABF21F5FFC100FD69F7 /* Card.swift in Sources */ = {isa = PBXBuildFile; fileRef = CE15BABE21F5FFC100FD69F7 /* Card.swift */; };
		CE15BAC121F6070000FD69F7 /* MainCardHeaderView.swift in Sources */ = {isa = PBXBuildFile; fileRef = CE15BAC021F6070000FD69F7 /* MainCardHeaderView.swift */; };
		CE15BAC321F6073100FD69F7 /* MainCardHeaderView.xib in Resources */ = {isa = PBXBuildFile; fileRef = CE15BAC221F6073100FD69F7 /* MainCardHeaderView.xib */; };
		CE443D0F21F76FBE00CB52B0 /* PhotoCollectionViewCell.swift in Sources */ = {isa = PBXBuildFile; fileRef = CE443D0D21F76FBE00CB52B0 /* PhotoCollectionViewCell.swift */; };
		CE443D1021F76FBE00CB52B0 /* PhotoCollectionViewCell.xib in Resources */ = {isa = PBXBuildFile; fileRef = CE443D0E21F76FBE00CB52B0 /* PhotoCollectionViewCell.xib */; };
/* End PBXBuildFile section */

/* Begin PBXFileReference section */
		CE15BA9521F5EB0B00FD69F7 /* MealDiary.app */ = {isa = PBXFileReference; explicitFileType = wrapper.application; includeInIndex = 0; path = MealDiary.app; sourceTree = BUILT_PRODUCTS_DIR; };
		CE15BA9821F5EB0B00FD69F7 /* AppDelegate.swift */ = {isa = PBXFileReference; lastKnownFileType = sourcecode.swift; path = AppDelegate.swift; sourceTree = "<group>"; };
		CE15BA9A21F5EB0B00FD69F7 /* MainViewController.swift */ = {isa = PBXFileReference; lastKnownFileType = sourcecode.swift; path = MainViewController.swift; sourceTree = "<group>"; };
		CE15BA9D21F5EB0B00FD69F7 /* Base */ = {isa = PBXFileReference; lastKnownFileType = file.storyboard; name = Base; path = Base.lproj/Main.storyboard; sourceTree = "<group>"; };
		CE15BA9F21F5EB0F00FD69F7 /* Assets.xcassets */ = {isa = PBXFileReference; lastKnownFileType = folder.assetcatalog; path = Assets.xcassets; sourceTree = "<group>"; };
		CE15BAA221F5EB0F00FD69F7 /* Base */ = {isa = PBXFileReference; lastKnownFileType = file.storyboard; name = Base; path = Base.lproj/LaunchScreen.storyboard; sourceTree = "<group>"; };
		CE15BAA421F5EB0F00FD69F7 /* Info.plist */ = {isa = PBXFileReference; lastKnownFileType = text.plist.xml; path = Info.plist; sourceTree = "<group>"; };
		CE15BAB221F5EEAF00FD69F7 /* MainHeaderView.xib */ = {isa = PBXFileReference; lastKnownFileType = file.xib; path = MainHeaderView.xib; sourceTree = "<group>"; };
		CE15BAB421F5EFCA00FD69F7 /* MainHeaderView.swift */ = {isa = PBXFileReference; lastKnownFileType = sourcecode.swift; path = MainHeaderView.swift; sourceTree = "<group>"; };
		CE15BABA21F5FC2D00FD69F7 /* MainCardTableViewCell.swift */ = {isa = PBXFileReference; lastKnownFileType = sourcecode.swift; path = MainCardTableViewCell.swift; sourceTree = "<group>"; };
		CE15BABB21F5FC2D00FD69F7 /* MainCardTableViewCell.xib */ = {isa = PBXFileReference; lastKnownFileType = file.xib; path = MainCardTableViewCell.xib; sourceTree = "<group>"; };
		CE15BABE21F5FFC100FD69F7 /* Card.swift */ = {isa = PBXFileReference; lastKnownFileType = sourcecode.swift; path = Card.swift; sourceTree = "<group>"; };
		CE15BAC021F6070000FD69F7 /* MainCardHeaderView.swift */ = {isa = PBXFileReference; lastKnownFileType = sourcecode.swift; path = MainCardHeaderView.swift; sourceTree = "<group>"; };
		CE15BAC221F6073100FD69F7 /* MainCardHeaderView.xib */ = {isa = PBXFileReference; lastKnownFileType = file.xib; path = MainCardHeaderView.xib; sourceTree = "<group>"; };
		CE443D0D21F76FBE00CB52B0 /* PhotoCollectionViewCell.swift */ = {isa = PBXFileReference; lastKnownFileType = sourcecode.swift; path = PhotoCollectionViewCell.swift; sourceTree = "<group>"; };
		CE443D0E21F76FBE00CB52B0 /* PhotoCollectionViewCell.xib */ = {isa = PBXFileReference; lastKnownFileType = file.xib; path = PhotoCollectionViewCell.xib; sourceTree = "<group>"; };
/* End PBXFileReference section */

/* Begin PBXFrameworksBuildPhase section */
		CE15BA9221F5EB0B00FD69F7 /* Frameworks */ = {
			isa = PBXFrameworksBuildPhase;
			buildActionMask = 2147483647;
			files = (
			);
			runOnlyForDeploymentPostprocessing = 0;
		};
/* End PBXFrameworksBuildPhase section */

/* Begin PBXGroup section */
		CE15BA8C21F5EB0B00FD69F7 = {
			isa = PBXGroup;
			children = (
				CE15BA9721F5EB0B00FD69F7 /* MealDiary */,
				CE15BA9621F5EB0B00FD69F7 /* Products */,
			);
			sourceTree = "<group>";
		};
		CE15BA9621F5EB0B00FD69F7 /* Products */ = {
			isa = PBXGroup;
			children = (
				CE15BA9521F5EB0B00FD69F7 /* MealDiary.app */,
			);
			name = Products;
			sourceTree = "<group>";
		};
		CE15BA9721F5EB0B00FD69F7 /* MealDiary */ = {
			isa = PBXGroup;
			children = (
				CE15BAB621F5F00300FD69F7 /* Extension */,
				CE15BAB021F5EC0100FD69F7 /* Storyboard */,
				CE15BAAF21F5EBCA00FD69F7 /* Controller */,
				CE15BAAE21F5EBC300FD69F7 /* View */,
				CE15BAAD21F5EBBC00FD69F7 /* Model */,
				CE15BAAA21F5EB1600FD69F7 /* Etc. */,
				CE15BAA421F5EB0F00FD69F7 /* Info.plist */,
			);
			path = MealDiary;
			sourceTree = "<group>";
		};
		CE15BAAA21F5EB1600FD69F7 /* Etc. */ = {
			isa = PBXGroup;
			children = (
				CE15BA9821F5EB0B00FD69F7 /* AppDelegate.swift */,
				CE15BA9F21F5EB0F00FD69F7 /* Assets.xcassets */,
			);
			path = Etc.;
			sourceTree = "<group>";
		};
		CE15BAAD21F5EBBC00FD69F7 /* Model */ = {
			isa = PBXGroup;
			children = (
				CE15BABE21F5FFC100FD69F7 /* Card.swift */,
			);
			path = Model;
			sourceTree = "<group>";
		};
		CE15BAAE21F5EBC300FD69F7 /* View */ = {
			isa = PBXGroup;
			children = (
				CE15BAB921F5FB7C00FD69F7 /* Cell */,
				CE15BAB421F5EFCA00FD69F7 /* MainHeaderView.swift */,
				CE15BAC021F6070000FD69F7 /* MainCardHeaderView.swift */,
				CE15BAB121F5EE9400FD69F7 /* xib */,
			);
			path = View;
			sourceTree = "<group>";
		};
		CE15BAAF21F5EBCA00FD69F7 /* Controller */ = {
			isa = PBXGroup;
			children = (
				CE15BA9A21F5EB0B00FD69F7 /* MainViewController.swift */,
			);
			path = Controller;
			sourceTree = "<group>";
		};
		CE15BAB021F5EC0100FD69F7 /* Storyboard */ = {
			isa = PBXGroup;
			children = (
				CE15BA9C21F5EB0B00FD69F7 /* Main.storyboard */,
				CE15BAA121F5EB0F00FD69F7 /* LaunchScreen.storyboard */,
			);
			path = Storyboard;
			sourceTree = "<group>";
		};
		CE15BAB121F5EE9400FD69F7 /* xib */ = {
			isa = PBXGroup;
			children = (
				CE15BAB221F5EEAF00FD69F7 /* MainHeaderView.xib */,
				CE15BAC221F6073100FD69F7 /* MainCardHeaderView.xib */,
			);
			path = xib;
			sourceTree = "<group>";
		};
		CE15BAB621F5F00300FD69F7 /* Extension */ = {
			isa = PBXGroup;
			children = (
			);
			path = Extension;
			sourceTree = "<group>";
		};
		CE15BAB921F5FB7C00FD69F7 /* Cell */ = {
			isa = PBXGroup;
			children = (
				CE15BABA21F5FC2D00FD69F7 /* MainCardTableViewCell.swift */,
				CE15BABB21F5FC2D00FD69F7 /* MainCardTableViewCell.xib */,
				CE443D0D21F76FBE00CB52B0 /* PhotoCollectionViewCell.swift */,
				CE443D0E21F76FBE00CB52B0 /* PhotoCollectionViewCell.xib */,
			);
			path = Cell;
			sourceTree = "<group>";
		};
/* End PBXGroup section */

/* Begin PBXNativeTarget section */
		CE15BA9421F5EB0B00FD69F7 /* MealDiary */ = {
			isa = PBXNativeTarget;
			buildConfigurationList = CE15BAA721F5EB0F00FD69F7 /* Build configuration list for PBXNativeTarget "MealDiary" */;
			buildPhases = (
				CE15BA9121F5EB0B00FD69F7 /* Sources */,
				CE15BA9221F5EB0B00FD69F7 /* Frameworks */,
				CE15BA9321F5EB0B00FD69F7 /* Resources */,
			);
			buildRules = (
			);
			dependencies = (
			);
			name = MealDiary;
			productName = MealDiary;
			productReference = CE15BA9521F5EB0B00FD69F7 /* MealDiary.app */;
			productType = "com.apple.product-type.application";
		};
/* End PBXNativeTarget section */

/* Begin PBXProject section */
		CE15BA8D21F5EB0B00FD69F7 /* Project object */ = {
			isa = PBXProject;
			attributes = {
				LastSwiftUpdateCheck = 1010;
				LastUpgradeCheck = 1010;
				ORGANIZATIONNAME = clap;
				TargetAttributes = {
					CE15BA9421F5EB0B00FD69F7 = {
						CreatedOnToolsVersion = 10.1;
					};
				};
			};
			buildConfigurationList = CE15BA9021F5EB0B00FD69F7 /* Build configuration list for PBXProject "MealDiary" */;
			compatibilityVersion = "Xcode 9.3";
			developmentRegion = en;
			hasScannedForEncodings = 0;
			knownRegions = (
				en,
				Base,
			);
			mainGroup = CE15BA8C21F5EB0B00FD69F7;
			productRefGroup = CE15BA9621F5EB0B00FD69F7 /* Products */;
			projectDirPath = "";
			projectRoot = "";
			targets = (
				CE15BA9421F5EB0B00FD69F7 /* MealDiary */,
			);
		};
/* End PBXProject section */

/* Begin PBXResourcesBuildPhase section */
		CE15BA9321F5EB0B00FD69F7 /* Resources */ = {
			isa = PBXResourcesBuildPhase;
			buildActionMask = 2147483647;
			files = (
				CE15BAB321F5EEAF00FD69F7 /* MainHeaderView.xib in Resources */,
				CE15BAA321F5EB0F00FD69F7 /* LaunchScreen.storyboard in Resources */,
				CE15BAC321F6073100FD69F7 /* MainCardHeaderView.xib in Resources */,
				CE15BAA021F5EB0F00FD69F7 /* Assets.xcassets in Resources */,
				CE443D1021F76FBE00CB52B0 /* PhotoCollectionViewCell.xib in Resources */,
				CE15BABD21F5FC2D00FD69F7 /* MainCardTableViewCell.xib in Resources */,
				CE15BA9E21F5EB0B00FD69F7 /* Main.storyboard in Resources */,
			);
			runOnlyForDeploymentPostprocessing = 0;
		};
/* End PBXResourcesBuildPhase section */

/* Begin PBXSourcesBuildPhase section */
		CE15BA9121F5EB0B00FD69F7 /* Sources */ = {
			isa = PBXSourcesBuildPhase;
			buildActionMask = 2147483647;
			files = (
				CE15BABC21F5FC2D00FD69F7 /* MainCardTableViewCell.swift in Sources */,
				CE15BA9B21F5EB0B00FD69F7 /* MainViewController.swift in Sources */,
				CE15BAC121F6070000FD69F7 /* MainCardHeaderView.swift in Sources */,
				CE15BABF21F5FFC100FD69F7 /* Card.swift in Sources */,
				CE443D0F21F76FBE00CB52B0 /* PhotoCollectionViewCell.swift in Sources */,
				CE15BAB521F5EFCA00FD69F7 /* MainHeaderView.swift in Sources */,
				CE15BA9921F5EB0B00FD69F7 /* AppDelegate.swift in Sources */,
			);
			runOnlyForDeploymentPostprocessing = 0;
		};
/* End PBXSourcesBuildPhase section */

/* Begin PBXVariantGroup section */
		CE15BA9C21F5EB0B00FD69F7 /* Main.storyboard */ = {
			isa = PBXVariantGroup;
			children = (
				CE15BA9D21F5EB0B00FD69F7 /* Base */,
			);
			name = Main.storyboard;
			sourceTree = "<group>";
		};
		CE15BAA121F5EB0F00FD69F7 /* LaunchScreen.storyboard */ = {
			isa = PBXVariantGroup;
			children = (
				CE15BAA221F5EB0F00FD69F7 /* Base */,
			);
			name = LaunchScreen.storyboard;
			sourceTree = "<group>";
		};
/* End PBXVariantGroup section */

/* Begin XCBuildConfiguration section */
		CE15BAA521F5EB0F00FD69F7 /* Debug */ = {
			isa = XCBuildConfiguration;
			buildSettings = {
				ALWAYS_SEARCH_USER_PATHS = NO;
				CLANG_ANALYZER_NONNULL = YES;
				CLANG_ANALYZER_NUMBER_OBJECT_CONVERSION = YES_AGGRESSIVE;
				CLANG_CXX_LANGUAGE_STANDARD = "gnu++14";
				CLANG_CXX_LIBRARY = "libc++";
				CLANG_ENABLE_MODULES = YES;
				CLANG_ENABLE_OBJC_ARC = YES;
				CLANG_ENABLE_OBJC_WEAK = YES;
				CLANG_WARN_BLOCK_CAPTURE_AUTORELEASING = YES;
				CLANG_WARN_BOOL_CONVERSION = YES;
				CLANG_WARN_COMMA = YES;
				CLANG_WARN_CONSTANT_CONVERSION = YES;
				CLANG_WARN_DEPRECATED_OBJC_IMPLEMENTATIONS = YES;
				CLANG_WARN_DIRECT_OBJC_ISA_USAGE = YES_ERROR;
				CLANG_WARN_DOCUMENTATION_COMMENTS = YES;
				CLANG_WARN_EMPTY_BODY = YES;
				CLANG_WARN_ENUM_CONVERSION = YES;
				CLANG_WARN_INFINITE_RECURSION = YES;
				CLANG_WARN_INT_CONVERSION = YES;
				CLANG_WARN_NON_LITERAL_NULL_CONVERSION = YES;
				CLANG_WARN_OBJC_IMPLICIT_RETAIN_SELF = YES;
				CLANG_WARN_OBJC_LITERAL_CONVERSION = YES;
				CLANG_WARN_OBJC_ROOT_CLASS = YES_ERROR;
				CLANG_WARN_RANGE_LOOP_ANALYSIS = YES;
				CLANG_WARN_STRICT_PROTOTYPES = YES;
				CLANG_WARN_SUSPICIOUS_MOVE = YES;
				CLANG_WARN_UNGUARDED_AVAILABILITY = YES_AGGRESSIVE;
				CLANG_WARN_UNREACHABLE_CODE = YES;
				CLANG_WARN__DUPLICATE_METHOD_MATCH = YES;
				CODE_SIGN_IDENTITY = "iPhone Developer";
				COPY_PHASE_STRIP = NO;
				DEBUG_INFORMATION_FORMAT = dwarf;
				ENABLE_STRICT_OBJC_MSGSEND = YES;
				ENABLE_TESTABILITY = YES;
				GCC_C_LANGUAGE_STANDARD = gnu11;
				GCC_DYNAMIC_NO_PIC = NO;
				GCC_NO_COMMON_BLOCKS = YES;
				GCC_OPTIMIZATION_LEVEL = 0;
				GCC_PREPROCESSOR_DEFINITIONS = (
					"DEBUG=1",
					"$(inherited)",
				);
				GCC_WARN_64_TO_32_BIT_CONVERSION = YES;
				GCC_WARN_ABOUT_RETURN_TYPE = YES_ERROR;
				GCC_WARN_UNDECLARED_SELECTOR = YES;
				GCC_WARN_UNINITIALIZED_AUTOS = YES_AGGRESSIVE;
				GCC_WARN_UNUSED_FUNCTION = YES;
				GCC_WARN_UNUSED_VARIABLE = YES;
				IPHONEOS_DEPLOYMENT_TARGET = 12.1;
				MTL_ENABLE_DEBUG_INFO = INCLUDE_SOURCE;
				MTL_FAST_MATH = YES;
				ONLY_ACTIVE_ARCH = YES;
				SDKROOT = iphoneos;
				SWIFT_ACTIVE_COMPILATION_CONDITIONS = DEBUG;
				SWIFT_OPTIMIZATION_LEVEL = "-Onone";
			};
			name = Debug;
		};
		CE15BAA621F5EB0F00FD69F7 /* Release */ = {
			isa = XCBuildConfiguration;
			buildSettings = {
				ALWAYS_SEARCH_USER_PATHS = NO;
				CLANG_ANALYZER_NONNULL = YES;
				CLANG_ANALYZER_NUMBER_OBJECT_CONVERSION = YES_AGGRESSIVE;
				CLANG_CXX_LANGUAGE_STANDARD = "gnu++14";
				CLANG_CXX_LIBRARY = "libc++";
				CLANG_ENABLE_MODULES = YES;
				CLANG_ENABLE_OBJC_ARC = YES;
				CLANG_ENABLE_OBJC_WEAK = YES;
				CLANG_WARN_BLOCK_CAPTURE_AUTORELEASING = YES;
				CLANG_WARN_BOOL_CONVERSION = YES;
				CLANG_WARN_COMMA = YES;
				CLANG_WARN_CONSTANT_CONVERSION = YES;
				CLANG_WARN_DEPRECATED_OBJC_IMPLEMENTATIONS = YES;
				CLANG_WARN_DIRECT_OBJC_ISA_USAGE = YES_ERROR;
				CLANG_WARN_DOCUMENTATION_COMMENTS = YES;
				CLANG_WARN_EMPTY_BODY = YES;
				CLANG_WARN_ENUM_CONVERSION = YES;
				CLANG_WARN_INFINITE_RECURSION = YES;
				CLANG_WARN_INT_CONVERSION = YES;
				CLANG_WARN_NON_LITERAL_NULL_CONVERSION = YES;
				CLANG_WARN_OBJC_IMPLICIT_RETAIN_SELF = YES;
				CLANG_WARN_OBJC_LITERAL_CONVERSION = YES;
				CLANG_WARN_OBJC_ROOT_CLASS = YES_ERROR;
				CLANG_WARN_RANGE_LOOP_ANALYSIS = YES;
				CLANG_WARN_STRICT_PROTOTYPES = YES;
				CLANG_WARN_SUSPICIOUS_MOVE = YES;
				CLANG_WARN_UNGUARDED_AVAILABILITY = YES_AGGRESSIVE;
				CLANG_WARN_UNREACHABLE_CODE = YES;
				CLANG_WARN__DUPLICATE_METHOD_MATCH = YES;
				CODE_SIGN_IDENTITY = "iPhone Developer";
				COPY_PHASE_STRIP = NO;
				DEBUG_INFORMATION_FORMAT = "dwarf-with-dsym";
				ENABLE_NS_ASSERTIONS = NO;
				ENABLE_STRICT_OBJC_MSGSEND = YES;
				GCC_C_LANGUAGE_STANDARD = gnu11;
				GCC_NO_COMMON_BLOCKS = YES;
				GCC_WARN_64_TO_32_BIT_CONVERSION = YES;
				GCC_WARN_ABOUT_RETURN_TYPE = YES_ERROR;
				GCC_WARN_UNDECLARED_SELECTOR = YES;
				GCC_WARN_UNINITIALIZED_AUTOS = YES_AGGRESSIVE;
				GCC_WARN_UNUSED_FUNCTION = YES;
				GCC_WARN_UNUSED_VARIABLE = YES;
				IPHONEOS_DEPLOYMENT_TARGET = 12.1;
				MTL_ENABLE_DEBUG_INFO = NO;
				MTL_FAST_MATH = YES;
				SDKROOT = iphoneos;
				SWIFT_COMPILATION_MODE = wholemodule;
				SWIFT_OPTIMIZATION_LEVEL = "-O";
				VALIDATE_PRODUCT = YES;
			};
			name = Release;
		};
		CE15BAA821F5EB0F00FD69F7 /* Debug */ = {
			isa = XCBuildConfiguration;
			buildSettings = {
				ASSETCATALOG_COMPILER_APPICON_NAME = AppIcon;
				CODE_SIGN_STYLE = Automatic;
				INFOPLIST_FILE = MealDiary/Info.plist;
				IPHONEOS_DEPLOYMENT_TARGET = 9.0;
				LD_RUNPATH_SEARCH_PATHS = (
					"$(inherited)",
					"@executable_path/Frameworks",
				);
				PRODUCT_BUNDLE_IDENTIFIER = bobbyWhite.MealDiary;
				PRODUCT_NAME = "$(TARGET_NAME)";
				SWIFT_VERSION = 4.2;
				TARGETED_DEVICE_FAMILY = "1,2";
			};
			name = Debug;
		};
		CE15BAA921F5EB0F00FD69F7 /* Release */ = {
			isa = XCBuildConfiguration;
			buildSettings = {
				ASSETCATALOG_COMPILER_APPICON_NAME = AppIcon;
				CODE_SIGN_STYLE = Automatic;
				INFOPLIST_FILE = MealDiary/Info.plist;
				IPHONEOS_DEPLOYMENT_TARGET = 9.0;
				LD_RUNPATH_SEARCH_PATHS = (
					"$(inherited)",
					"@executable_path/Frameworks",
				);
				PRODUCT_BUNDLE_IDENTIFIER = bobbyWhite.MealDiary;
				PRODUCT_NAME = "$(TARGET_NAME)";
				SWIFT_VERSION = 4.2;
				TARGETED_DEVICE_FAMILY = "1,2";
			};
			name = Release;
		};
/* End XCBuildConfiguration section */

/* Begin XCConfigurationList section */
		CE15BA9021F5EB0B00FD69F7 /* Build configuration list for PBXProject "MealDiary" */ = {
			isa = XCConfigurationList;
			buildConfigurations = (
				CE15BAA521F5EB0F00FD69F7 /* Debug */,
				CE15BAA621F5EB0F00FD69F7 /* Release */,
			);
			defaultConfigurationIsVisible = 0;
			defaultConfigurationName = Release;
		};
		CE15BAA721F5EB0F00FD69F7 /* Build configuration list for PBXNativeTarget "MealDiary" */ = {
			isa = XCConfigurationList;
			buildConfigurations = (
				CE15BAA821F5EB0F00FD69F7 /* Debug */,
				CE15BAA921F5EB0F00FD69F7 /* Release */,
			);
			defaultConfigurationIsVisible = 0;
			defaultConfigurationName = Release;
		};
/* End XCConfigurationList section */
	};
	rootObject = CE15BA8D21F5EB0B00FD69F7 /* Project object */;
}
